
Microsoft Visual Studio Solution File, Format Version 12.00
# Visual Studio Version 17
VisualStudioVersion = 17.9.34310.174
MinimumVisualStudioVersion = 10.0.40219.1
Project("{9A19103F-16F7-4668-BE54-9A1E7A4F7556}") = "TodoApp", "TodoApp.csproj", "{C2CB8784-ECA7-4867-AE8A-21AC626917EE}"
EndProject
Global
	GlobalSection(SolutionConfigurationPlatforms) = preSolution
		Debug|Any CPU = Debug|Any CPU
		Release|Any CPU = Release|Any CPU
	EndGlobalSection
	GlobalSection(ProjectConfigurationPlatforms) = postSolution
		{C2CB8784-ECA7-4867-AE8A-21AC626917EE}.Debug|Any CPU.ActiveCfg = Debug|Any CPU
		{C2CB8784-ECA7-4867-AE8A-21AC626917EE}.Debug|Any CPU.Build.0 = Debug|Any CPU
		{C2CB8784-ECA7-4867-AE8A-21AC626917EE}.Debug|Any CPU.Deploy.0 = Debug|Any CPU
		{C2CB8784-ECA7-4867-AE8A-21AC626917EE}.Release|Any CPU.ActiveCfg = Release|Any CPU
		{C2CB8784-ECA7-4867-AE8A-21AC626917EE}.Release|Any CPU.Build.0 = Release|Any CPU
		{C2CB8784-ECA7-4867-AE8A-21AC626917EE}.Release|Any CPU.Deploy.0 = Release|Any CPU
	EndGlobalSection
	GlobalSection(SolutionProperties) = preSolution
		HideSolutionNode = FALSE
	EndGlobalSection
	GlobalSection(ExtensibilityGlobals) = postSolution
		SolutionGuid = {543DF11C-6EE3-4073-B09D-00F791610308}
	EndGlobalSection
EndGlobal
