
Microsoft Visual Studio Solution File, Format Version 12.00
Project("{FAE04EC0-301F-11D3-BF4B-00C04F79EFBC}") = "RadioButtonTestApp", "RadioButtonTestApp\RadioButtonTestApp.csproj", "{6BA2F851-E292-47CC-AC0C-730EE3A50679}"
EndProject
Project("{FAE04EC0-301F-11D3-BF4B-00C04F79EFBC}") = "MauiReactor", "..\..\..\reactorui-maui\src\MauiReactor\MauiReactor.csproj", "{3310BEE6-D89E-4F09-A36A-E0A6BC6B9850}"
EndProject
Global
	GlobalSection(SolutionConfigurationPlatforms) = preSolution
		Debug|Any CPU = Debug|Any CPU
		Release|Any CPU = Release|Any CPU
	EndGlobalSection
	GlobalSection(ProjectConfigurationPlatforms) = postSolution
		{6BA2F851-E292-47CC-AC0C-730EE3A50679}.Debug|Any CPU.ActiveCfg = Debug|Any CPU
		{6BA2F851-E292-47CC-AC0C-730EE3A50679}.Debug|Any CPU.Build.0 = Debug|Any CPU
		{6BA2F851-E292-47CC-AC0C-730EE3A50679}.Release|Any CPU.ActiveCfg = Release|Any CPU
		{6BA2F851-E292-47CC-AC0C-730EE3A50679}.Release|Any CPU.Build.0 = Release|Any CPU
		{3310BEE6-D89E-4F09-A36A-E0A6BC6B9850}.Debug|Any CPU.ActiveCfg = Debug|Any CPU
		{3310BEE6-D89E-4F09-A36A-E0A6BC6B9850}.Debug|Any CPU.Build.0 = Debug|Any CPU
		{3310BEE6-D89E-4F09-A36A-E0A6BC6B9850}.Release|Any CPU.ActiveCfg = Release|Any CPU
		{3310BEE6-D89E-4F09-A36A-E0A6BC6B9850}.Release|Any CPU.Build.0 = Release|Any CPU
	EndGlobalSection
EndGlobal
