
Microsoft Visual Studio Solution File, Format Version 12.00
# Visual Studio Version 17
VisualStudioVersion = 17.9.34310.174
MinimumVisualStudioVersion = 10.0.40219.1
Project("{FAE04EC0-301F-11D3-BF4B-00C04F79EFBC}") = "MailApp", "MailApp\MailApp.csproj", "{59E93549-4576-422A-8ED7-6A9E5CEBD80E}"
EndProject
Project("{FAE04EC0-301F-11D3-BF4B-00C04F79EFBC}") = "MailApp.Services", "MailApp.Services\MailApp.Services.csproj", "{7CFBB441-982C-4DB5-A21E-7E0C4C533F70}"
EndProject
Global
	GlobalSection(SolutionConfigurationPlatforms) = preSolution
		Debug|Any CPU = Debug|Any CPU
		Release|Any CPU = Release|Any CPU
	EndGlobalSection
	GlobalSection(ProjectConfigurationPlatforms) = postSolution
		{59E93549-4576-422A-8ED7-6A9E5CEBD80E}.Debug|Any CPU.ActiveCfg = Debug|Any CPU
		{59E93549-4576-422A-8ED7-6A9E5CEBD80E}.Debug|Any CPU.Build.0 = Debug|Any CPU
		{59E93549-4576-422A-8ED7-6A9E5CEBD80E}.Debug|Any CPU.Deploy.0 = Debug|Any CPU
		{59E93549-4576-422A-8ED7-6A9E5CEBD80E}.Release|Any CPU.ActiveCfg = Release|Any CPU
		{59E93549-4576-422A-8ED7-6A9E5CEBD80E}.Release|Any CPU.Build.0 = Release|Any CPU
		{59E93549-4576-422A-8ED7-6A9E5CEBD80E}.Release|Any CPU.Deploy.0 = Release|Any CPU
		{7CFBB441-982C-4DB5-A21E-7E0C4C533F70}.Debug|Any CPU.ActiveCfg = Debug|Any CPU
		{7CFBB441-982C-4DB5-A21E-7E0C4C533F70}.Debug|Any CPU.Build.0 = Debug|Any CPU
		{7CFBB441-982C-4DB5-A21E-7E0C4C533F70}.Release|Any CPU.ActiveCfg = Release|Any CPU
		{7CFBB441-982C-4DB5-A21E-7E0C4C533F70}.Release|Any CPU.Build.0 = Release|Any CPU
	EndGlobalSection
	GlobalSection(SolutionProperties) = preSolution
		HideSolutionNode = FALSE
	EndGlobalSection
	GlobalSection(ExtensibilityGlobals) = postSolution
		SolutionGuid = {42C39196-BA40-4C8F-AC3A-C81424F79262}
	EndGlobalSection
EndGlobal
