
Microsoft Visual Studio Solution File, Format Version 12.00
# Visual Studio Version 16
Project("{FAE04EC0-301F-11D3-BF4B-00C04F79EFBC}") = "RadioButtonTestApp", "RadioButtonTestApp\RadioButtonTestApp.csproj", "{6BA2F851-E292-47CC-AC0C-730EE3A50679}"
EndProject
Global
	GlobalSection(SolutionConfigurationPlatforms) = preSolution
		Debug|Any CPU = Debug|Any CPU
		Release|Any CPU = Release|Any CPU
	EndGlobalSection
	GlobalSection(ProjectConfigurationPlatforms) = postSolution
		{6BA2F851-E292-47CC-AC0C-730EE3A50679}.Debug|Any CPU.ActiveCfg = Debug|Any CPU
		{6BA2F851-E292-47CC-AC0C-730EE3A50679}.Debug|Any CPU.Build.0 = Debug|Any CPU
		{6BA2F851-E292-47CC-AC0C-730EE3A50679}.Release|Any CPU.ActiveCfg = Release|Any CPU
		{6BA2F851-E292-47CC-AC0C-730EE3A50679}.Release|Any CPU.Build.0 = Release|Any CPU
	EndGlobalSection
EndGlobal
